{
  "name": "chessai",
  "version": "1.0.0",
  "lockfileVersion": 1,
  "requires": true,
  "dependencies": {
    "@babel/runtime-corejs2": {
      "version": "7.12.5",
      "resolved": "https://registry.npmjs.org/@babel/runtime-corejs2/-/runtime-corejs2-7.12.5.tgz",
      "integrity": "sha512-kt5YpZ7F5A05LOgQuaMXXmcxakK/qttf5C/E1BJPA3Kf5PanbjPzDoXN+PIslUnjUxpuKblCsXyP0QfMiqyKqA==",
      "requires": {
        "core-js": "^2.6.5",
        "regenerator-runtime": "^0.13.4"
      }
    },
    "@chrisoakman/chessboardjs": {
      "version": "1.0.0",
      "resolved": "https://registry.npmjs.org/@chrisoakman/chessboardjs/-/chessboardjs-1.0.0.tgz",
      "integrity": "sha512-JHXHoQwwc86xW3F0YIdFcEWLnPldee5mHkqwJbOTeDh5gvNmYXyBj6AkeecDkj2WtORF959yaWYlpyZHUl3LCQ==",
      "requires": {
        "jquery": ">=3.4.1"
      }
    },
    "chess": {
      "version": "0.4.6",
      "resolved": "https://registry.npmjs.org/chess/-/chess-0.4.6.tgz",
      "integrity": "sha512-ENWKxcAX+wqPNCW/C0Ph39BnP8OJ1OZe4dYXlINfKbPDoR46ygkdOPI5h0ME5nIOledqVxIGvxXbyfBwq4fv4w==",
      "requires": {
        "@babel/runtime-corejs2": "^7.12.5"
      }
    },
    "core-js": {
      "version": "2.6.12",
      "resolved": "https://registry.npmjs.org/core-js/-/core-js-2.6.12.tgz",
      "integrity": "sha512-Kb2wC0fvsWfQrgk8HU5lW6U/Lcs8+9aaYcy4ZFc6DDlo4nZ7n70dEgE5rtR0oG6ufKDUnrwfWL1mXR5ljDatrQ=="
    },
    "jquery": {
      "version": "3.5.1",
      "resolved": "https://registry.npmjs.org/jquery/-/jquery-3.5.1.tgz",
      "integrity": "sha512-XwIBPqcMn57FxfT+Go5pzySnm4KWkT1Tv7gjrpT1srtf8Weynl6R273VJ5GjkRb51IzMp5nbaPjJXMWeju2MKg=="
    },
    "regenerator-runtime": {
      "version": "0.13.7",
      "resolved": "https://registry.npmjs.org/regenerator-runtime/-/regenerator-runtime-0.13.7.tgz",
      "integrity": "sha512-a54FxoJDIr27pgf7IgeQGxmqUNYrcV338lf/6gH456HZ/PhX+5BcwHXG9ajESmwe6WRO0tAzRUrRmNONWgkrew=="
    }
  }
}
